# THIS IS AN AUTOGENERATED FILE. DO NOT EDIT THIS FILE DIRECTLY.
# yarn lockfile v1


"node-env-file@^0.1.8":
  "integrity" "sha512-38gZZAhxZloDC9+/oQpKXB4fotd463ShF+LcNseBupiMgy09HUE1Lt2C4TXvGLPgxJu3+F944VS5i2ArfZGLDQ=="
  "resolved" "https://registry.npmjs.org/node-env-file/-/node-env-file-0.1.8.tgz"
  "version" "0.1.8"
